
Microsoft Visual Studio Solution File, Format Version 12.00
# Visual Studio Version 17
VisualStudioVersion = 17.8.34525.116
MinimumVisualStudioVersion = 10.0.40219.1
Project("{FAE04EC0-301F-11D3-BF4B-00C04F79EFBC}") = "L01P022021MS651", "L01P022021MS651\L01P022021MS651.csproj", "{6DCD7BBE-EEDD-4CBC-9663-E71B32DE7B63}"
EndProject
Global
	GlobalSection(SolutionConfigurationPlatforms) = preSolution
		Debug|Any CPU = Debug|Any CPU
		Release|Any CPU = Release|Any CPU
	EndGlobalSection
	GlobalSection(ProjectConfigurationPlatforms) = postSolution
		{6DCD7BBE-EEDD-4CBC-9663-E71B32DE7B63}.Debug|Any CPU.ActiveCfg = Debug|Any CPU
		{6DCD7BBE-EEDD-4CBC-9663-E71B32DE7B63}.Debug|Any CPU.Build.0 = Debug|Any CPU
		{6DCD7BBE-EEDD-4CBC-9663-E71B32DE7B63}.Release|Any CPU.ActiveCfg = Release|Any CPU
		{6DCD7BBE-EEDD-4CBC-9663-E71B32DE7B63}.Release|Any CPU.Build.0 = Release|Any CPU
	EndGlobalSection
	GlobalSection(SolutionProperties) = preSolution
		HideSolutionNode = FALSE
	EndGlobalSection
	GlobalSection(ExtensibilityGlobals) = postSolution
		SolutionGuid = {8B6AFE9C-9830-4AD4-B8E5-63399F4DC56E}
	EndGlobalSection
EndGlobal
